
Microsoft Visual Studio Solution File, Format Version 12.00
# Visual Studio Version 17
VisualStudioVersion = 17.14.36930.0 d17.14
MinimumVisualStudioVersion = 10.0.40219.1
Project("{FAE04EC0-301F-11D3-BF4B-00C04F79EFBC}") = "SlayTheDragon", "SlayTheDragon\SlayTheDragon.csproj", "{184B73D6-F9FD-450A-B7FC-E5D37ED87F38}"
EndProject
Global
	GlobalSection(SolutionConfigurationPlatforms) = preSolution
		Debug|Any CPU = Debug|Any CPU
		Release|Any CPU = Release|Any CPU
	EndGlobalSection
	GlobalSection(ProjectConfigurationPlatforms) = postSolution
		{184B73D6-F9FD-450A-B7FC-E5D37ED87F38}.Debug|Any CPU.ActiveCfg = Debug|Any CPU
		{184B73D6-F9FD-450A-B7FC-E5D37ED87F38}.Debug|Any CPU.Build.0 = Debug|Any CPU
		{184B73D6-F9FD-450A-B7FC-E5D37ED87F38}.Release|Any CPU.ActiveCfg = Release|Any CPU
		{184B73D6-F9FD-450A-B7FC-E5D37ED87F38}.Release|Any CPU.Build.0 = Release|Any CPU
	EndGlobalSection
	GlobalSection(SolutionProperties) = preSolution
		HideSolutionNode = FALSE
	EndGlobalSection
	GlobalSection(ExtensibilityGlobals) = postSolution
		SolutionGuid = {36AB05D1-39CB-46DB-9F54-1901E4A0D70C}
	EndGlobalSection
EndGlobal
